
Microsoft Visual Studio Solution File, Format Version 12.00
# Visual Studio 2013
VisualStudioVersion = 12.0.31101.0
MinimumVisualStudioVersion = 10.0.40219.1
Project("{FAE04EC0-301F-11D3-BF4B-00C04F79EFBC}") = "Feedaggregator", "Feedaggregator\Feedaggregator.csproj", "{9D3A8CA5-D00A-45F2-8CD1-CFBDA9B9A568}"
EndProject
Project("{FAE04EC0-301F-11D3-BF4B-00C04F79EFBC}") = "NotificationCenter", "NotificationCenter\NotificationCenter.csproj", "{CDA27309-3251-47C3-890A-E73A99D50EBE}"
EndProject
Project("{FAE04EC0-301F-11D3-BF4B-00C04F79EFBC}") = "SVIMPH.Shared", "SVIMPH.Shared\SVIMPH.Shared.csproj", "{94A63216-C5C0-4673-A012-B0B6E0C795D3}"
EndProject
Project("{FAE04EC0-301F-11D3-BF4B-00C04F79EFBC}") = "WindowsFormsApplication1", "WindowsFormsApplication1\WindowsFormsApplication1.csproj", "{55CC4856-BFEC-4A9A-BC24-9441790C476E}"
EndProject
Project("{FAE04EC0-301F-11D3-BF4B-00C04F79EFBC}") = "DBArchival", "DBArchival\DBArchival.csproj", "{D7496973-0A1A-41F9-8195-F95675307EF8}"
EndProject
Project("{00D1A9C2-B5F0-4AF3-8072-F6C62B433612}") = "BollywoodGossip_DB", "BollywoodGossip_DB\BollywoodGossip_DB.sqlproj", "{1DD0C198-44EB-4D93-B1EE-8DF50B067B34}"
EndProject
Project("{00D1A9C2-B5F0-4AF3-8072-F6C62B433612}") = "BollywoodGossip_Audit_DB", "BollywoodGossip_Audit_DB\BollywoodGossip_Audit_DB.sqlproj", "{A7AD3816-3C76-41DC-9F53-01468926DB16}"
EndProject
Global
	GlobalSection(TeamFoundationVersionControl) = preSolution
		SccNumberOfProjects = 8
		SccEnterpriseProvider = {4CA58AB2-18FA-4F8D-95D4-32DDF27D184C}
		SccTeamFoundationServer = https://parth2651.visualstudio.com/defaultcollection
		SccLocalPath0 = .
		SccProjectUniqueName1 = Feedaggregator\\Feedaggregator.csproj
		SccProjectName1 = Feedaggregator
		SccLocalPath1 = Feedaggregator
		SccProjectUniqueName2 = NotificationCenter\\NotificationCenter.csproj
		SccProjectName2 = NotificationCenter
		SccLocalPath2 = NotificationCenter
		SccProjectUniqueName3 = SVIMPH.Shared\\SVIMPH.Shared.csproj
		SccProjectName3 = SVIMPH.Shared
		SccLocalPath3 = SVIMPH.Shared
		SccProjectUniqueName4 = WindowsFormsApplication1\\WindowsFormsApplication1.csproj
		SccProjectName4 = WindowsFormsApplication1
		SccLocalPath4 = WindowsFormsApplication1
		SccProjectUniqueName5 = DBArchival\\DBArchival.csproj
		SccProjectName5 = DBArchival
		SccLocalPath5 = DBArchival
		SccProjectUniqueName6 = BollywoodGossip_DB\\BollywoodGossip_DB.sqlproj
		SccProjectName6 = BollywoodGossip_DB
		SccLocalPath6 = BollywoodGossip_DB
		SccProjectUniqueName7 = BollywoodGossip_Audit_DB\\BollywoodGossip_Audit_DB.sqlproj
		SccProjectName7 = BollywoodGossip_Audit_DB
		SccLocalPath7 = BollywoodGossip_Audit_DB
	EndGlobalSection
	GlobalSection(SolutionConfigurationPlatforms) = preSolution
		Ad-Hoc|Any CPU = Ad-Hoc|Any CPU
		Ad-Hoc|ARM = Ad-Hoc|ARM
		Ad-Hoc|iPhone = Ad-Hoc|iPhone
		Ad-Hoc|iPhoneSimulator = Ad-Hoc|iPhoneSimulator
		Ad-Hoc|Mixed Platforms = Ad-Hoc|Mixed Platforms
		Ad-Hoc|x86 = Ad-Hoc|x86
		AppStore|Any CPU = AppStore|Any CPU
		AppStore|ARM = AppStore|ARM
		AppStore|iPhone = AppStore|iPhone
		AppStore|iPhoneSimulator = AppStore|iPhoneSimulator
		AppStore|Mixed Platforms = AppStore|Mixed Platforms
		AppStore|x86 = AppStore|x86
		Debug|Any CPU = Debug|Any CPU
		Debug|ARM = Debug|ARM
		Debug|iPhone = Debug|iPhone
		Debug|iPhoneSimulator = Debug|iPhoneSimulator
		Debug|Mixed Platforms = Debug|Mixed Platforms
		Debug|x86 = Debug|x86
		Release|Any CPU = Release|Any CPU
		Release|ARM = Release|ARM
		Release|iPhone = Release|iPhone
		Release|iPhoneSimulator = Release|iPhoneSimulator
		Release|Mixed Platforms = Release|Mixed Platforms
		Release|x86 = Release|x86
	EndGlobalSection
	GlobalSection(ProjectConfigurationPlatforms) = postSolution
		{9D3A8CA5-D00A-45F2-8CD1-CFBDA9B9A568}.Ad-Hoc|Any CPU.ActiveCfg = Release|x86
		{9D3A8CA5-D00A-45F2-8CD1-CFBDA9B9A568}.Ad-Hoc|ARM.ActiveCfg = Release|x86
		{9D3A8CA5-D00A-45F2-8CD1-CFBDA9B9A568}.Ad-Hoc|iPhone.ActiveCfg = Release|x86
		{9D3A8CA5-D00A-45F2-8CD1-CFBDA9B9A568}.Ad-Hoc|iPhoneSimulator.ActiveCfg = Release|x86
		{9D3A8CA5-D00A-45F2-8CD1-CFBDA9B9A568}.Ad-Hoc|Mixed Platforms.ActiveCfg = Release|x86
		{9D3A8CA5-D00A-45F2-8CD1-CFBDA9B9A568}.Ad-Hoc|Mixed Platforms.Build.0 = Release|x86
		{9D3A8CA5-D00A-45F2-8CD1-CFBDA9B9A568}.Ad-Hoc|x86.ActiveCfg = Release|x86
		{9D3A8CA5-D00A-45F2-8CD1-CFBDA9B9A568}.Ad-Hoc|x86.Build.0 = Release|x86
		{9D3A8CA5-D00A-45F2-8CD1-CFBDA9B9A568}.AppStore|Any CPU.ActiveCfg = Release|x86
		{9D3A8CA5-D00A-45F2-8CD1-CFBDA9B9A568}.AppStore|ARM.ActiveCfg = Release|x86
		{9D3A8CA5-D00A-45F2-8CD1-CFBDA9B9A568}.AppStore|iPhone.ActiveCfg = Release|x86
		{9D3A8CA5-D00A-45F2-8CD1-CFBDA9B9A568}.AppStore|iPhoneSimulator.ActiveCfg = Release|x86
		{9D3A8CA5-D00A-45F2-8CD1-CFBDA9B9A568}.AppStore|Mixed Platforms.ActiveCfg = Release|x86
		{9D3A8CA5-D00A-45F2-8CD1-CFBDA9B9A568}.AppStore|Mixed Platforms.Build.0 = Release|x86
		{9D3A8CA5-D00A-45F2-8CD1-CFBDA9B9A568}.AppStore|x86.ActiveCfg = Release|x86
		{9D3A8CA5-D00A-45F2-8CD1-CFBDA9B9A568}.AppStore|x86.Build.0 = Release|x86
		{9D3A8CA5-D00A-45F2-8CD1-CFBDA9B9A568}.Debug|Any CPU.ActiveCfg = Debug|x86
		{9D3A8CA5-D00A-45F2-8CD1-CFBDA9B9A568}.Debug|ARM.ActiveCfg = Debug|x86
		{9D3A8CA5-D00A-45F2-8CD1-CFBDA9B9A568}.Debug|iPhone.ActiveCfg = Debug|x86
		{9D3A8CA5-D00A-45F2-8CD1-CFBDA9B9A568}.Debug|iPhoneSimulator.ActiveCfg = Debug|x86
		{9D3A8CA5-D00A-45F2-8CD1-CFBDA9B9A568}.Debug|Mixed Platforms.ActiveCfg = Debug|x86
		{9D3A8CA5-D00A-45F2-8CD1-CFBDA9B9A568}.Debug|Mixed Platforms.Build.0 = Debug|x86
		{9D3A8CA5-D00A-45F2-8CD1-CFBDA9B9A568}.Debug|x86.ActiveCfg = Debug|x86
		{9D3A8CA5-D00A-45F2-8CD1-CFBDA9B9A568}.Debug|x86.Build.0 = Debug|x86
		{9D3A8CA5-D00A-45F2-8CD1-CFBDA9B9A568}.Release|Any CPU.ActiveCfg = Release|x86
		{9D3A8CA5-D00A-45F2-8CD1-CFBDA9B9A568}.Release|ARM.ActiveCfg = Release|x86
		{9D3A8CA5-D00A-45F2-8CD1-CFBDA9B9A568}.Release|iPhone.ActiveCfg = Release|x86
		{9D3A8CA5-D00A-45F2-8CD1-CFBDA9B9A568}.Release|iPhoneSimulator.ActiveCfg = Release|x86
		{9D3A8CA5-D00A-45F2-8CD1-CFBDA9B9A568}.Release|Mixed Platforms.ActiveCfg = Release|x86
		{9D3A8CA5-D00A-45F2-8CD1-CFBDA9B9A568}.Release|Mixed Platforms.Build.0 = Release|x86
		{9D3A8CA5-D00A-45F2-8CD1-CFBDA9B9A568}.Release|x86.ActiveCfg = Release|x86
		{9D3A8CA5-D00A-45F2-8CD1-CFBDA9B9A568}.Release|x86.Build.0 = Release|x86
		{CDA27309-3251-47C3-890A-E73A99D50EBE}.Ad-Hoc|Any CPU.ActiveCfg = Release|x86
		{CDA27309-3251-47C3-890A-E73A99D50EBE}.Ad-Hoc|ARM.ActiveCfg = Release|x86
		{CDA27309-3251-47C3-890A-E73A99D50EBE}.Ad-Hoc|iPhone.ActiveCfg = Release|x86
		{CDA27309-3251-47C3-890A-E73A99D50EBE}.Ad-Hoc|iPhoneSimulator.ActiveCfg = Release|x86
		{CDA27309-3251-47C3-890A-E73A99D50EBE}.Ad-Hoc|Mixed Platforms.ActiveCfg = Release|x86
		{CDA27309-3251-47C3-890A-E73A99D50EBE}.Ad-Hoc|Mixed Platforms.Build.0 = Release|x86
		{CDA27309-3251-47C3-890A-E73A99D50EBE}.Ad-Hoc|x86.ActiveCfg = Release|x86
		{CDA27309-3251-47C3-890A-E73A99D50EBE}.Ad-Hoc|x86.Build.0 = Release|x86
		{CDA27309-3251-47C3-890A-E73A99D50EBE}.AppStore|Any CPU.ActiveCfg = Release|x86
		{CDA27309-3251-47C3-890A-E73A99D50EBE}.AppStore|ARM.ActiveCfg = Release|x86
		{CDA27309-3251-47C3-890A-E73A99D50EBE}.AppStore|iPhone.ActiveCfg = Release|x86
		{CDA27309-3251-47C3-890A-E73A99D50EBE}.AppStore|iPhoneSimulator.ActiveCfg = Release|x86
		{CDA27309-3251-47C3-890A-E73A99D50EBE}.AppStore|Mixed Platforms.ActiveCfg = Release|x86
		{CDA27309-3251-47C3-890A-E73A99D50EBE}.AppStore|Mixed Platforms.Build.0 = Release|x86
		{CDA27309-3251-47C3-890A-E73A99D50EBE}.AppStore|x86.ActiveCfg = Release|x86
		{CDA27309-3251-47C3-890A-E73A99D50EBE}.AppStore|x86.Build.0 = Release|x86
		{CDA27309-3251-47C3-890A-E73A99D50EBE}.Debug|Any CPU.ActiveCfg = Debug|x86
		{CDA27309-3251-47C3-890A-E73A99D50EBE}.Debug|ARM.ActiveCfg = Debug|x86
		{CDA27309-3251-47C3-890A-E73A99D50EBE}.Debug|iPhone.ActiveCfg = Debug|x86
		{CDA27309-3251-47C3-890A-E73A99D50EBE}.Debug|iPhoneSimulator.ActiveCfg = Debug|x86
		{CDA27309-3251-47C3-890A-E73A99D50EBE}.Debug|Mixed Platforms.ActiveCfg = Debug|x86
		{CDA27309-3251-47C3-890A-E73A99D50EBE}.Debug|Mixed Platforms.Build.0 = Debug|x86
		{CDA27309-3251-47C3-890A-E73A99D50EBE}.Debug|x86.ActiveCfg = Debug|x86
		{CDA27309-3251-47C3-890A-E73A99D50EBE}.Debug|x86.Build.0 = Debug|x86
		{CDA27309-3251-47C3-890A-E73A99D50EBE}.Release|Any CPU.ActiveCfg = Release|x86
		{CDA27309-3251-47C3-890A-E73A99D50EBE}.Release|ARM.ActiveCfg = Release|x86
		{CDA27309-3251-47C3-890A-E73A99D50EBE}.Release|iPhone.ActiveCfg = Release|x86
		{CDA27309-3251-47C3-890A-E73A99D50EBE}.Release|iPhoneSimulator.ActiveCfg = Release|x86
		{CDA27309-3251-47C3-890A-E73A99D50EBE}.Release|Mixed Platforms.ActiveCfg = Release|x86
		{CDA27309-3251-47C3-890A-E73A99D50EBE}.Release|Mixed Platforms.Build.0 = Release|x86
		{CDA27309-3251-47C3-890A-E73A99D50EBE}.Release|x86.ActiveCfg = Release|x86
		{CDA27309-3251-47C3-890A-E73A99D50EBE}.Release|x86.Build.0 = Release|x86
		{94A63216-C5C0-4673-A012-B0B6E0C795D3}.Ad-Hoc|Any CPU.ActiveCfg = Release|Any CPU
		{94A63216-C5C0-4673-A012-B0B6E0C795D3}.Ad-Hoc|Any CPU.Build.0 = Release|Any CPU
		{94A63216-C5C0-4673-A012-B0B6E0C795D3}.Ad-Hoc|ARM.ActiveCfg = Release|Any CPU
		{94A63216-C5C0-4673-A012-B0B6E0C795D3}.Ad-Hoc|iPhone.ActiveCfg = Release|Any CPU
		{94A63216-C5C0-4673-A012-B0B6E0C795D3}.Ad-Hoc|iPhoneSimulator.ActiveCfg = Release|Any CPU
		{94A63216-C5C0-4673-A012-B0B6E0C795D3}.Ad-Hoc|Mixed Platforms.ActiveCfg = Release|Any CPU
		{94A63216-C5C0-4673-A012-B0B6E0C795D3}.Ad-Hoc|Mixed Platforms.Build.0 = Release|Any CPU
		{94A63216-C5C0-4673-A012-B0B6E0C795D3}.Ad-Hoc|x86.ActiveCfg = Release|Any CPU
		{94A63216-C5C0-4673-A012-B0B6E0C795D3}.AppStore|Any CPU.ActiveCfg = Release|Any CPU
		{94A63216-C5C0-4673-A012-B0B6E0C795D3}.AppStore|Any CPU.Build.0 = Release|Any CPU
		{94A63216-C5C0-4673-A012-B0B6E0C795D3}.AppStore|ARM.ActiveCfg = Release|Any CPU
		{94A63216-C5C0-4673-A012-B0B6E0C795D3}.AppStore|iPhone.ActiveCfg = Release|Any CPU
		{94A63216-C5C0-4673-A012-B0B6E0C795D3}.AppStore|iPhoneSimulator.ActiveCfg = Release|Any CPU
		{94A63216-C5C0-4673-A012-B0B6E0C795D3}.AppStore|Mixed Platforms.ActiveCfg = Release|Any CPU
		{94A63216-C5C0-4673-A012-B0B6E0C795D3}.AppStore|Mixed Platforms.Build.0 = Release|Any CPU
		{94A63216-C5C0-4673-A012-B0B6E0C795D3}.AppStore|x86.ActiveCfg = Release|Any CPU
		{94A63216-C5C0-4673-A012-B0B6E0C795D3}.Debug|Any CPU.ActiveCfg = Debug|Any CPU
		{94A63216-C5C0-4673-A012-B0B6E0C795D3}.Debug|Any CPU.Build.0 = Debug|Any CPU
		{94A63216-C5C0-4673-A012-B0B6E0C795D3}.Debug|ARM.ActiveCfg = Debug|Any CPU
		{94A63216-C5C0-4673-A012-B0B6E0C795D3}.Debug|iPhone.ActiveCfg = Debug|Any CPU
		{94A63216-C5C0-4673-A012-B0B6E0C795D3}.Debug|iPhoneSimulator.ActiveCfg = Debug|Any CPU
		{94A63216-C5C0-4673-A012-B0B6E0C795D3}.Debug|Mixed Platforms.ActiveCfg = Debug|Any CPU
		{94A63216-C5C0-4673-A012-B0B6E0C795D3}.Debug|Mixed Platforms.Build.0 = Debug|Any CPU
		{94A63216-C5C0-4673-A012-B0B6E0C795D3}.Debug|x86.ActiveCfg = Debug|Any CPU
		{94A63216-C5C0-4673-A012-B0B6E0C795D3}.Release|Any CPU.ActiveCfg = Release|Any CPU
		{94A63216-C5C0-4673-A012-B0B6E0C795D3}.Release|Any CPU.Build.0 = Release|Any CPU
		{94A63216-C5C0-4673-A012-B0B6E0C795D3}.Release|ARM.ActiveCfg = Release|Any CPU
		{94A63216-C5C0-4673-A012-B0B6E0C795D3}.Release|iPhone.ActiveCfg = Release|Any CPU
		{94A63216-C5C0-4673-A012-B0B6E0C795D3}.Release|iPhoneSimulator.ActiveCfg = Release|Any CPU
		{94A63216-C5C0-4673-A012-B0B6E0C795D3}.Release|Mixed Platforms.ActiveCfg = Release|Any CPU
		{94A63216-C5C0-4673-A012-B0B6E0C795D3}.Release|Mixed Platforms.Build.0 = Release|Any CPU
		{94A63216-C5C0-4673-A012-B0B6E0C795D3}.Release|x86.ActiveCfg = Release|Any CPU
		{55CC4856-BFEC-4A9A-BC24-9441790C476E}.Ad-Hoc|Any CPU.ActiveCfg = Release|Any CPU
		{55CC4856-BFEC-4A9A-BC24-9441790C476E}.Ad-Hoc|Any CPU.Build.0 = Release|Any CPU
		{55CC4856-BFEC-4A9A-BC24-9441790C476E}.Ad-Hoc|ARM.ActiveCfg = Release|Any CPU
		{55CC4856-BFEC-4A9A-BC24-9441790C476E}.Ad-Hoc|iPhone.ActiveCfg = Release|Any CPU
		{55CC4856-BFEC-4A9A-BC24-9441790C476E}.Ad-Hoc|iPhoneSimulator.ActiveCfg = Release|Any CPU
		{55CC4856-BFEC-4A9A-BC24-9441790C476E}.Ad-Hoc|Mixed Platforms.ActiveCfg = Release|Any CPU
		{55CC4856-BFEC-4A9A-BC24-9441790C476E}.Ad-Hoc|Mixed Platforms.Build.0 = Release|Any CPU
		{55CC4856-BFEC-4A9A-BC24-9441790C476E}.Ad-Hoc|x86.ActiveCfg = Release|Any CPU
		{55CC4856-BFEC-4A9A-BC24-9441790C476E}.AppStore|Any CPU.ActiveCfg = Release|Any CPU
		{55CC4856-BFEC-4A9A-BC24-9441790C476E}.AppStore|Any CPU.Build.0 = Release|Any CPU
		{55CC4856-BFEC-4A9A-BC24-9441790C476E}.AppStore|ARM.ActiveCfg = Release|Any CPU
		{55CC4856-BFEC-4A9A-BC24-9441790C476E}.AppStore|iPhone.ActiveCfg = Release|Any CPU
		{55CC4856-BFEC-4A9A-BC24-9441790C476E}.AppStore|iPhoneSimulator.ActiveCfg = Release|Any CPU
		{55CC4856-BFEC-4A9A-BC24-9441790C476E}.AppStore|Mixed Platforms.ActiveCfg = Release|Any CPU
		{55CC4856-BFEC-4A9A-BC24-9441790C476E}.AppStore|Mixed Platforms.Build.0 = Release|Any CPU
		{55CC4856-BFEC-4A9A-BC24-9441790C476E}.AppStore|x86.ActiveCfg = Release|Any CPU
		{55CC4856-BFEC-4A9A-BC24-9441790C476E}.Debug|Any CPU.ActiveCfg = Debug|Any CPU
		{55CC4856-BFEC-4A9A-BC24-9441790C476E}.Debug|Any CPU.Build.0 = Debug|Any CPU
		{55CC4856-BFEC-4A9A-BC24-9441790C476E}.Debug|ARM.ActiveCfg = Debug|Any CPU
		{55CC4856-BFEC-4A9A-BC24-9441790C476E}.Debug|iPhone.ActiveCfg = Debug|Any CPU
		{55CC4856-BFEC-4A9A-BC24-9441790C476E}.Debug|iPhoneSimulator.ActiveCfg = Debug|Any CPU
		{55CC4856-BFEC-4A9A-BC24-9441790C476E}.Debug|Mixed Platforms.ActiveCfg = Debug|Any CPU
		{55CC4856-BFEC-4A9A-BC24-9441790C476E}.Debug|Mixed Platforms.Build.0 = Debug|Any CPU
		{55CC4856-BFEC-4A9A-BC24-9441790C476E}.Debug|x86.ActiveCfg = Debug|Any CPU
		{55CC4856-BFEC-4A9A-BC24-9441790C476E}.Release|Any CPU.ActiveCfg = Release|Any CPU
		{55CC4856-BFEC-4A9A-BC24-9441790C476E}.Release|Any CPU.Build.0 = Release|Any CPU
		{55CC4856-BFEC-4A9A-BC24-9441790C476E}.Release|ARM.ActiveCfg = Release|Any CPU
		{55CC4856-BFEC-4A9A-BC24-9441790C476E}.Release|iPhone.ActiveCfg = Release|Any CPU
		{55CC4856-BFEC-4A9A-BC24-9441790C476E}.Release|iPhoneSimulator.ActiveCfg = Release|Any CPU
		{55CC4856-BFEC-4A9A-BC24-9441790C476E}.Release|Mixed Platforms.ActiveCfg = Release|Any CPU
		{55CC4856-BFEC-4A9A-BC24-9441790C476E}.Release|Mixed Platforms.Build.0 = Release|Any CPU
		{55CC4856-BFEC-4A9A-BC24-9441790C476E}.Release|x86.ActiveCfg = Release|Any CPU
		{D7496973-0A1A-41F9-8195-F95675307EF8}.Ad-Hoc|Any CPU.ActiveCfg = Release|Any CPU
		{D7496973-0A1A-41F9-8195-F95675307EF8}.Ad-Hoc|Any CPU.Build.0 = Release|Any CPU
		{D7496973-0A1A-41F9-8195-F95675307EF8}.Ad-Hoc|ARM.ActiveCfg = Release|Any CPU
		{D7496973-0A1A-41F9-8195-F95675307EF8}.Ad-Hoc|iPhone.ActiveCfg = Release|Any CPU
		{D7496973-0A1A-41F9-8195-F95675307EF8}.Ad-Hoc|iPhoneSimulator.ActiveCfg = Release|Any CPU
		{D7496973-0A1A-41F9-8195-F95675307EF8}.Ad-Hoc|Mixed Platforms.ActiveCfg = Release|Any CPU
		{D7496973-0A1A-41F9-8195-F95675307EF8}.Ad-Hoc|Mixed Platforms.Build.0 = Release|Any CPU
		{D7496973-0A1A-41F9-8195-F95675307EF8}.Ad-Hoc|x86.ActiveCfg = Release|Any CPU
		{D7496973-0A1A-41F9-8195-F95675307EF8}.AppStore|Any CPU.ActiveCfg = Release|Any CPU
		{D7496973-0A1A-41F9-8195-F95675307EF8}.AppStore|Any CPU.Build.0 = Release|Any CPU
		{D7496973-0A1A-41F9-8195-F95675307EF8}.AppStore|ARM.ActiveCfg = Release|Any CPU
		{D7496973-0A1A-41F9-8195-F95675307EF8}.AppStore|iPhone.ActiveCfg = Release|Any CPU
		{D7496973-0A1A-41F9-8195-F95675307EF8}.AppStore|iPhoneSimulator.ActiveCfg = Release|Any CPU
		{D7496973-0A1A-41F9-8195-F95675307EF8}.AppStore|Mixed Platforms.ActiveCfg = Release|Any CPU
		{D7496973-0A1A-41F9-8195-F95675307EF8}.AppStore|Mixed Platforms.Build.0 = Release|Any CPU
		{D7496973-0A1A-41F9-8195-F95675307EF8}.AppStore|x86.ActiveCfg = Release|Any CPU
		{D7496973-0A1A-41F9-8195-F95675307EF8}.Debug|Any CPU.ActiveCfg = Debug|Any CPU
		{D7496973-0A1A-41F9-8195-F95675307EF8}.Debug|Any CPU.Build.0 = Debug|Any CPU
		{D7496973-0A1A-41F9-8195-F95675307EF8}.Debug|ARM.ActiveCfg = Debug|Any CPU
		{D7496973-0A1A-41F9-8195-F95675307EF8}.Debug|iPhone.ActiveCfg = Debug|Any CPU
		{D7496973-0A1A-41F9-8195-F95675307EF8}.Debug|iPhoneSimulator.ActiveCfg = Debug|Any CPU
		{D7496973-0A1A-41F9-8195-F95675307EF8}.Debug|Mixed Platforms.ActiveCfg = Debug|Any CPU
		{D7496973-0A1A-41F9-8195-F95675307EF8}.Debug|Mixed Platforms.Build.0 = Debug|Any CPU
		{D7496973-0A1A-41F9-8195-F95675307EF8}.Debug|x86.ActiveCfg = Debug|Any CPU
		{D7496973-0A1A-41F9-8195-F95675307EF8}.Release|Any CPU.ActiveCfg = Release|Any CPU
		{D7496973-0A1A-41F9-8195-F95675307EF8}.Release|Any CPU.Build.0 = Release|Any CPU
		{D7496973-0A1A-41F9-8195-F95675307EF8}.Release|ARM.ActiveCfg = Release|Any CPU
		{D7496973-0A1A-41F9-8195-F95675307EF8}.Release|iPhone.ActiveCfg = Release|Any CPU
		{D7496973-0A1A-41F9-8195-F95675307EF8}.Release|iPhoneSimulator.ActiveCfg = Release|Any CPU
		{D7496973-0A1A-41F9-8195-F95675307EF8}.Release|Mixed Platforms.ActiveCfg = Release|Any CPU
		{D7496973-0A1A-41F9-8195-F95675307EF8}.Release|Mixed Platforms.Build.0 = Release|Any CPU
		{D7496973-0A1A-41F9-8195-F95675307EF8}.Release|x86.ActiveCfg = Release|Any CPU
		{1DD0C198-44EB-4D93-B1EE-8DF50B067B34}.Ad-Hoc|Any CPU.ActiveCfg = Debug|Any CPU
		{1DD0C198-44EB-4D93-B1EE-8DF50B067B34}.Ad-Hoc|Any CPU.Build.0 = Debug|Any CPU
		{1DD0C198-44EB-4D93-B1EE-8DF50B067B34}.Ad-Hoc|Any CPU.Deploy.0 = Debug|Any CPU
		{1DD0C198-44EB-4D93-B1EE-8DF50B067B34}.Ad-Hoc|ARM.ActiveCfg = Debug|Any CPU
		{1DD0C198-44EB-4D93-B1EE-8DF50B067B34}.Ad-Hoc|iPhone.ActiveCfg = Debug|Any CPU
		{1DD0C198-44EB-4D93-B1EE-8DF50B067B34}.Ad-Hoc|iPhoneSimulator.ActiveCfg = Debug|Any CPU
		{1DD0C198-44EB-4D93-B1EE-8DF50B067B34}.Ad-Hoc|Mixed Platforms.ActiveCfg = Debug|Any CPU
		{1DD0C198-44EB-4D93-B1EE-8DF50B067B34}.Ad-Hoc|Mixed Platforms.Build.0 = Debug|Any CPU
		{1DD0C198-44EB-4D93-B1EE-8DF50B067B34}.Ad-Hoc|Mixed Platforms.Deploy.0 = Debug|Any CPU
		{1DD0C198-44EB-4D93-B1EE-8DF50B067B34}.Ad-Hoc|x86.ActiveCfg = Debug|Any CPU
		{1DD0C198-44EB-4D93-B1EE-8DF50B067B34}.AppStore|Any CPU.ActiveCfg = Debug|Any CPU
		{1DD0C198-44EB-4D93-B1EE-8DF50B067B34}.AppStore|Any CPU.Build.0 = Debug|Any CPU
		{1DD0C198-44EB-4D93-B1EE-8DF50B067B34}.AppStore|Any CPU.Deploy.0 = Debug|Any CPU
		{1DD0C198-44EB-4D93-B1EE-8DF50B067B34}.AppStore|ARM.ActiveCfg = Debug|Any CPU
		{1DD0C198-44EB-4D93-B1EE-8DF50B067B34}.AppStore|iPhone.ActiveCfg = Debug|Any CPU
		{1DD0C198-44EB-4D93-B1EE-8DF50B067B34}.AppStore|iPhoneSimulator.ActiveCfg = Debug|Any CPU
		{1DD0C198-44EB-4D93-B1EE-8DF50B067B34}.AppStore|Mixed Platforms.ActiveCfg = Debug|Any CPU
		{1DD0C198-44EB-4D93-B1EE-8DF50B067B34}.AppStore|Mixed Platforms.Build.0 = Debug|Any CPU
		{1DD0C198-44EB-4D93-B1EE-8DF50B067B34}.AppStore|Mixed Platforms.Deploy.0 = Debug|Any CPU
		{1DD0C198-44EB-4D93-B1EE-8DF50B067B34}.AppStore|x86.ActiveCfg = Debug|Any CPU
		{1DD0C198-44EB-4D93-B1EE-8DF50B067B34}.Debug|Any CPU.ActiveCfg = Debug|Any CPU
		{1DD0C198-44EB-4D93-B1EE-8DF50B067B34}.Debug|Any CPU.Build.0 = Debug|Any CPU
		{1DD0C198-44EB-4D93-B1EE-8DF50B067B34}.Debug|Any CPU.Deploy.0 = Debug|Any CPU
		{1DD0C198-44EB-4D93-B1EE-8DF50B067B34}.Debug|ARM.ActiveCfg = Debug|Any CPU
		{1DD0C198-44EB-4D93-B1EE-8DF50B067B34}.Debug|iPhone.ActiveCfg = Debug|Any CPU
		{1DD0C198-44EB-4D93-B1EE-8DF50B067B34}.Debug|iPhoneSimulator.ActiveCfg = Debug|Any CPU
		{1DD0C198-44EB-4D93-B1EE-8DF50B067B34}.Debug|Mixed Platforms.ActiveCfg = Debug|Any CPU
		{1DD0C198-44EB-4D93-B1EE-8DF50B067B34}.Debug|Mixed Platforms.Build.0 = Debug|Any CPU
		{1DD0C198-44EB-4D93-B1EE-8DF50B067B34}.Debug|Mixed Platforms.Deploy.0 = Debug|Any CPU
		{1DD0C198-44EB-4D93-B1EE-8DF50B067B34}.Debug|x86.ActiveCfg = Debug|Any CPU
		{1DD0C198-44EB-4D93-B1EE-8DF50B067B34}.Release|Any CPU.ActiveCfg = Release|Any CPU
		{1DD0C198-44EB-4D93-B1EE-8DF50B067B34}.Release|Any CPU.Build.0 = Release|Any CPU
		{1DD0C198-44EB-4D93-B1EE-8DF50B067B34}.Release|Any CPU.Deploy.0 = Release|Any CPU
		{1DD0C198-44EB-4D93-B1EE-8DF50B067B34}.Release|ARM.ActiveCfg = Release|Any CPU
		{1DD0C198-44EB-4D93-B1EE-8DF50B067B34}.Release|iPhone.ActiveCfg = Release|Any CPU
		{1DD0C198-44EB-4D93-B1EE-8DF50B067B34}.Release|iPhoneSimulator.ActiveCfg = Release|Any CPU
		{1DD0C198-44EB-4D93-B1EE-8DF50B067B34}.Release|Mixed Platforms.ActiveCfg = Release|Any CPU
		{1DD0C198-44EB-4D93-B1EE-8DF50B067B34}.Release|Mixed Platforms.Build.0 = Release|Any CPU
		{1DD0C198-44EB-4D93-B1EE-8DF50B067B34}.Release|Mixed Platforms.Deploy.0 = Release|Any CPU
		{1DD0C198-44EB-4D93-B1EE-8DF50B067B34}.Release|x86.ActiveCfg = Release|Any CPU
		{A7AD3816-3C76-41DC-9F53-01468926DB16}.Ad-Hoc|Any CPU.ActiveCfg = Debug|Any CPU
		{A7AD3816-3C76-41DC-9F53-01468926DB16}.Ad-Hoc|Any CPU.Build.0 = Debug|Any CPU
		{A7AD3816-3C76-41DC-9F53-01468926DB16}.Ad-Hoc|Any CPU.Deploy.0 = Debug|Any CPU
		{A7AD3816-3C76-41DC-9F53-01468926DB16}.Ad-Hoc|ARM.ActiveCfg = Debug|Any CPU
		{A7AD3816-3C76-41DC-9F53-01468926DB16}.Ad-Hoc|iPhone.ActiveCfg = Debug|Any CPU
		{A7AD3816-3C76-41DC-9F53-01468926DB16}.Ad-Hoc|iPhoneSimulator.ActiveCfg = Debug|Any CPU
		{A7AD3816-3C76-41DC-9F53-01468926DB16}.Ad-Hoc|Mixed Platforms.ActiveCfg = Debug|Any CPU
		{A7AD3816-3C76-41DC-9F53-01468926DB16}.Ad-Hoc|Mixed Platforms.Build.0 = Debug|Any CPU
		{A7AD3816-3C76-41DC-9F53-01468926DB16}.Ad-Hoc|Mixed Platforms.Deploy.0 = Debug|Any CPU
		{A7AD3816-3C76-41DC-9F53-01468926DB16}.Ad-Hoc|x86.ActiveCfg = Debug|Any CPU
		{A7AD3816-3C76-41DC-9F53-01468926DB16}.AppStore|Any CPU.ActiveCfg = Debug|Any CPU
		{A7AD3816-3C76-41DC-9F53-01468926DB16}.AppStore|Any CPU.Build.0 = Debug|Any CPU
		{A7AD3816-3C76-41DC-9F53-01468926DB16}.AppStore|Any CPU.Deploy.0 = Debug|Any CPU
		{A7AD3816-3C76-41DC-9F53-01468926DB16}.AppStore|ARM.ActiveCfg = Debug|Any CPU
		{A7AD3816-3C76-41DC-9F53-01468926DB16}.AppStore|iPhone.ActiveCfg = Debug|Any CPU
		{A7AD3816-3C76-41DC-9F53-01468926DB16}.AppStore|iPhoneSimulator.ActiveCfg = Debug|Any CPU
		{A7AD3816-3C76-41DC-9F53-01468926DB16}.AppStore|Mixed Platforms.ActiveCfg = Debug|Any CPU
		{A7AD3816-3C76-41DC-9F53-01468926DB16}.AppStore|Mixed Platforms.Build.0 = Debug|Any CPU
		{A7AD3816-3C76-41DC-9F53-01468926DB16}.AppStore|Mixed Platforms.Deploy.0 = Debug|Any CPU
		{A7AD3816-3C76-41DC-9F53-01468926DB16}.AppStore|x86.ActiveCfg = Debug|Any CPU
		{A7AD3816-3C76-41DC-9F53-01468926DB16}.Debug|Any CPU.ActiveCfg = Debug|Any CPU
		{A7AD3816-3C76-41DC-9F53-01468926DB16}.Debug|Any CPU.Build.0 = Debug|Any CPU
		{A7AD3816-3C76-41DC-9F53-01468926DB16}.Debug|Any CPU.Deploy.0 = Debug|Any CPU
		{A7AD3816-3C76-41DC-9F53-01468926DB16}.Debug|ARM.ActiveCfg = Debug|Any CPU
		{A7AD3816-3C76-41DC-9F53-01468926DB16}.Debug|iPhone.ActiveCfg = Debug|Any CPU
		{A7AD3816-3C76-41DC-9F53-01468926DB16}.Debug|iPhoneSimulator.ActiveCfg = Debug|Any CPU
		{A7AD3816-3C76-41DC-9F53-01468926DB16}.Debug|Mixed Platforms.ActiveCfg = Debug|Any CPU
		{A7AD3816-3C76-41DC-9F53-01468926DB16}.Debug|Mixed Platforms.Build.0 = Debug|Any CPU
		{A7AD3816-3C76-41DC-9F53-01468926DB16}.Debug|Mixed Platforms.Deploy.0 = Debug|Any CPU
		{A7AD3816-3C76-41DC-9F53-01468926DB16}.Debug|x86.ActiveCfg = Debug|Any CPU
		{A7AD3816-3C76-41DC-9F53-01468926DB16}.Release|Any CPU.ActiveCfg = Release|Any CPU
		{A7AD3816-3C76-41DC-9F53-01468926DB16}.Release|Any CPU.Build.0 = Release|Any CPU
		{A7AD3816-3C76-41DC-9F53-01468926DB16}.Release|Any CPU.Deploy.0 = Release|Any CPU
		{A7AD3816-3C76-41DC-9F53-01468926DB16}.Release|ARM.ActiveCfg = Release|Any CPU
		{A7AD3816-3C76-41DC-9F53-01468926DB16}.Release|iPhone.ActiveCfg = Release|Any CPU
		{A7AD3816-3C76-41DC-9F53-01468926DB16}.Release|iPhoneSimulator.ActiveCfg = Release|Any CPU
		{A7AD3816-3C76-41DC-9F53-01468926DB16}.Release|Mixed Platforms.ActiveCfg = Release|Any CPU
		{A7AD3816-3C76-41DC-9F53-01468926DB16}.Release|Mixed Platforms.Build.0 = Release|Any CPU
		{A7AD3816-3C76-41DC-9F53-01468926DB16}.Release|Mixed Platforms.Deploy.0 = Release|Any CPU
		{A7AD3816-3C76-41DC-9F53-01468926DB16}.Release|x86.ActiveCfg = Release|Any CPU
	EndGlobalSection
	GlobalSection(SolutionProperties) = preSolution
		HideSolutionNode = FALSE
	EndGlobalSection
EndGlobal
